
Microsoft Visual Studio Solution File, Format Version 12.00
# Visual Studio Version 16
VisualStudioVersion = 16.0.810.6
MinimumVisualStudioVersion = 10.0.40219.1
Project("{FAE04EC0-301F-11D3-BF4B-00C04F79EFBC}") = "Examples", "Examples.csproj", "{4E92B578-A8FB-4AB2-A915-0414E6824DE2}"
EndProject
Global
	GlobalSection(SolutionConfigurationPlatforms) = preSolution
		Debug|Any CPU = Debug|Any CPU
		Release|Any CPU = Release|Any CPU
	EndGlobalSection
	GlobalSection(ProjectConfigurationPlatforms) = postSolution
		{4E92B578-A8FB-4AB2-A915-0414E6824DE2}.Debug|Any CPU.ActiveCfg = Debug|Any CPU
		{4E92B578-A8FB-4AB2-A915-0414E6824DE2}.Debug|Any CPU.Build.0 = Debug|Any CPU
		{4E92B578-A8FB-4AB2-A915-0414E6824DE2}.Release|Any CPU.ActiveCfg = Release|Any CPU
		{4E92B578-A8FB-4AB2-A915-0414E6824DE2}.Release|Any CPU.Build.0 = Release|Any CPU
	EndGlobalSection
	GlobalSection(SolutionProperties) = preSolution
		HideSolutionNode = FALSE
	EndGlobalSection
	GlobalSection(ExtensibilityGlobals) = postSolution
		SolutionGuid = {6E190691-0F0F-4FE4-B91B-01F2EDF3775C}
	EndGlobalSection
EndGlobal
